// !$*UTF8*$!
{
	archiveVersion = 1;
	classes = {
	};
	objectVersion = 56;
	objects = {

/* Begin PBXBuildFile section */
		846A49FC2AFBFF3F007B1204 /* UICollection + Extension.swift in Sources */ = {isa = PBXBuildFile; fileRef = 846A49FB2AFBFF3F007B1204 /* UICollection + Extension.swift */; };
		846A49FE2AFC0000007B1204 /* TrackerCategoryHeader.swift in Sources */ = {isa = PBXBuildFile; fileRef = 846A49FD2AFC0000007B1204 /* TrackerCategoryHeader.swift */; };
		846A4A002AFC1DFC007B1204 /* Int + Extension.swift in Sources */ = {isa = PBXBuildFile; fileRef = 846A49FF2AFC1DFC007B1204 /* Int + Extension.swift */; };
		84811F1E2AFD696D00C396F3 /* UIStackView + Extension.swift in Sources */ = {isa = PBXBuildFile; fileRef = 84811F1D2AFD696D00C396F3 /* UIStackView + Extension.swift */; };
		84811F202B00E1D400C396F3 /* EmojiCell.swift in Sources */ = {isa = PBXBuildFile; fileRef = 84811F1F2B00E1D400C396F3 /* EmojiCell.swift */; };
		84811F222B00E52700C396F3 /* ColorCell.swift in Sources */ = {isa = PBXBuildFile; fileRef = 84811F212B00E52700C396F3 /* ColorCell.swift */; };
		84811F242B00F2B000C396F3 /* CellSelectionProtocol.swift in Sources */ = {isa = PBXBuildFile; fileRef = 84811F232B00F2B000C396F3 /* CellSelectionProtocol.swift */; };
		84C193B52AEE64A100DD8B62 /* AppDelegate.swift in Sources */ = {isa = PBXBuildFile; fileRef = 84C193B42AEE64A100DD8B62 /* AppDelegate.swift */; };
		84C193B72AEE64A100DD8B62 /* SceneDelegate.swift in Sources */ = {isa = PBXBuildFile; fileRef = 84C193B62AEE64A100DD8B62 /* SceneDelegate.swift */; };
		84C193B92AEE64A100DD8B62 /* TabBarViewController.swift in Sources */ = {isa = PBXBuildFile; fileRef = 84C193B82AEE64A100DD8B62 /* TabBarViewController.swift */; };
		84C193BE2AEE64B200DD8B62 /* Assets.xcassets in Resources */ = {isa = PBXBuildFile; fileRef = 84C193BD2AEE64B200DD8B62 /* Assets.xcassets */; };
		84C193C12AEE64B200DD8B62 /* LaunchScreen.storyboard in Resources */ = {isa = PBXBuildFile; fileRef = 84C193BF2AEE64B200DD8B62 /* LaunchScreen.storyboard */; };
		84C193CD2AEEABF500DD8B62 /* UIColor + Extension.swift in Sources */ = {isa = PBXBuildFile; fileRef = 84C193CC2AEEABF500DD8B62 /* UIColor + Extension.swift */; };
		84C193D12AEEAE8D00DD8B62 /* TrackerViewController.swift in Sources */ = {isa = PBXBuildFile; fileRef = 84C193D02AEEAE8D00DD8B62 /* TrackerViewController.swift */; };
		84C193D42AEEAFF700DD8B62 /* StatisticViewController.swift in Sources */ = {isa = PBXBuildFile; fileRef = 84C193D32AEEAFF700DD8B62 /* StatisticViewController.swift */; };
		84C1941B2AF2C82700DD8B62 /* Tracker.swift in Sources */ = {isa = PBXBuildFile; fileRef = 84C1941A2AF2C82700DD8B62 /* Tracker.swift */; };
		84C1941D2AF2CA4400DD8B62 /* WeekDays.swift in Sources */ = {isa = PBXBuildFile; fileRef = 84C1941C2AF2CA4400DD8B62 /* WeekDays.swift */; };
		84C1941F2AF2CCE100DD8B62 /* TrackerCategory.swift in Sources */ = {isa = PBXBuildFile; fileRef = 84C1941E2AF2CCE100DD8B62 /* TrackerCategory.swift */; };
		84C194212AF2CDED00DD8B62 /* TrackerRecord.swift in Sources */ = {isa = PBXBuildFile; fileRef = 84C194202AF2CDED00DD8B62 /* TrackerRecord.swift */; };
		84C194262AF692D600DD8B62 /* TrackerCell.swift in Sources */ = {isa = PBXBuildFile; fileRef = 84C194252AF692D600DD8B62 /* TrackerCell.swift */; };
		84C194282AF6A97800DD8B62 /* CreatingTrackerViewController.swift in Sources */ = {isa = PBXBuildFile; fileRef = 84C194272AF6A97800DD8B62 /* CreatingTrackerViewController.swift */; };
		84C1942A2AF6BF0200DD8B62 /* SettingTrackerViewController.swift in Sources */ = {isa = PBXBuildFile; fileRef = 84C194292AF6BF0200DD8B62 /* SettingTrackerViewController.swift */; };
		84C2BF182AF7BC7A0084CDE9 /* SettingTableCell.swift in Sources */ = {isa = PBXBuildFile; fileRef = 84C2BF172AF7BC7A0084CDE9 /* SettingTableCell.swift */; };
		84C2BF3A2AF7FBA90084CDE9 /* TextFieldSetting.swift in Sources */ = {isa = PBXBuildFile; fileRef = 84C2BF392AF7FBA90084CDE9 /* TextFieldSetting.swift */; };
		84C2BF3C2AF806C00084CDE9 /* ScheduleViewController.swift in Sources */ = {isa = PBXBuildFile; fileRef = 84C2BF3B2AF806C00084CDE9 /* ScheduleViewController.swift */; };
		84C2BF3E2AF80A0C0084CDE9 /* CellBackgroundSetting.swift in Sources */ = {isa = PBXBuildFile; fileRef = 84C2BF3D2AF80A0C0084CDE9 /* CellBackgroundSetting.swift */; };
		84C2BF402AF822DE0084CDE9 /* ScheduleCell.swift in Sources */ = {isa = PBXBuildFile; fileRef = 84C2BF3F2AF822DE0084CDE9 /* ScheduleCell.swift */; };
/* End PBXBuildFile section */

/* Begin PBXFileReference section */
		846A49FB2AFBFF3F007B1204 /* UICollection + Extension.swift */ = {isa = PBXFileReference; lastKnownFileType = sourcecode.swift; path = "UICollection + Extension.swift"; sourceTree = "<group>"; };
		846A49FD2AFC0000007B1204 /* TrackerCategoryHeader.swift */ = {isa = PBXFileReference; lastKnownFileType = sourcecode.swift; path = TrackerCategoryHeader.swift; sourceTree = "<group>"; };
		846A49FF2AFC1DFC007B1204 /* Int + Extension.swift */ = {isa = PBXFileReference; lastKnownFileType = sourcecode.swift; path = "Int + Extension.swift"; sourceTree = "<group>"; };
		84811F1D2AFD696D00C396F3 /* UIStackView + Extension.swift */ = {isa = PBXFileReference; lastKnownFileType = sourcecode.swift; path = "UIStackView + Extension.swift"; sourceTree = "<group>"; };
		84811F1F2B00E1D400C396F3 /* EmojiCell.swift */ = {isa = PBXFileReference; lastKnownFileType = sourcecode.swift; path = EmojiCell.swift; sourceTree = "<group>"; };
		84811F212B00E52700C396F3 /* ColorCell.swift */ = {isa = PBXFileReference; lastKnownFileType = sourcecode.swift; path = ColorCell.swift; sourceTree = "<group>"; };
		84811F232B00F2B000C396F3 /* CellSelectionProtocol.swift */ = {isa = PBXFileReference; lastKnownFileType = sourcecode.swift; path = CellSelectionProtocol.swift; sourceTree = "<group>"; };
		84C193B12AEE64A100DD8B62 /* Tracker.app */ = {isa = PBXFileReference; explicitFileType = wrapper.application; includeInIndex = 0; path = Tracker.app; sourceTree = BUILT_PRODUCTS_DIR; };
		84C193B42AEE64A100DD8B62 /* AppDelegate.swift */ = {isa = PBXFileReference; lastKnownFileType = sourcecode.swift; path = AppDelegate.swift; sourceTree = "<group>"; };
		84C193B62AEE64A100DD8B62 /* SceneDelegate.swift */ = {isa = PBXFileReference; lastKnownFileType = sourcecode.swift; path = SceneDelegate.swift; sourceTree = "<group>"; };
		84C193B82AEE64A100DD8B62 /* TabBarViewController.swift */ = {isa = PBXFileReference; lastKnownFileType = sourcecode.swift; path = TabBarViewController.swift; sourceTree = "<group>"; };
		84C193BD2AEE64B200DD8B62 /* Assets.xcassets */ = {isa = PBXFileReference; lastKnownFileType = folder.assetcatalog; path = Assets.xcassets; sourceTree = "<group>"; };
		84C193C02AEE64B200DD8B62 /* Base */ = {isa = PBXFileReference; lastKnownFileType = file.storyboard; name = Base; path = Base.lproj/LaunchScreen.storyboard; sourceTree = "<group>"; };
		84C193C22AEE64B200DD8B62 /* Info.plist */ = {isa = PBXFileReference; lastKnownFileType = text.plist.xml; path = Info.plist; sourceTree = "<group>"; };
		84C193CC2AEEABF500DD8B62 /* UIColor + Extension.swift */ = {isa = PBXFileReference; lastKnownFileType = sourcecode.swift; path = "UIColor + Extension.swift"; sourceTree = "<group>"; };
		84C193D02AEEAE8D00DD8B62 /* TrackerViewController.swift */ = {isa = PBXFileReference; lastKnownFileType = sourcecode.swift; path = TrackerViewController.swift; sourceTree = "<group>"; };
		84C193D32AEEAFF700DD8B62 /* StatisticViewController.swift */ = {isa = PBXFileReference; lastKnownFileType = sourcecode.swift; path = StatisticViewController.swift; sourceTree = "<group>"; };
		84C1941A2AF2C82700DD8B62 /* Tracker.swift */ = {isa = PBXFileReference; lastKnownFileType = sourcecode.swift; path = Tracker.swift; sourceTree = "<group>"; };
		84C1941C2AF2CA4400DD8B62 /* WeekDays.swift */ = {isa = PBXFileReference; lastKnownFileType = sourcecode.swift; path = WeekDays.swift; sourceTree = "<group>"; };
		84C1941E2AF2CCE100DD8B62 /* TrackerCategory.swift */ = {isa = PBXFileReference; lastKnownFileType = sourcecode.swift; path = TrackerCategory.swift; sourceTree = "<group>"; };
		84C194202AF2CDED00DD8B62 /* TrackerRecord.swift */ = {isa = PBXFileReference; lastKnownFileType = sourcecode.swift; path = TrackerRecord.swift; sourceTree = "<group>"; };
		84C194252AF692D600DD8B62 /* TrackerCell.swift */ = {isa = PBXFileReference; lastKnownFileType = sourcecode.swift; path = TrackerCell.swift; sourceTree = "<group>"; };
		84C194272AF6A97800DD8B62 /* CreatingTrackerViewController.swift */ = {isa = PBXFileReference; lastKnownFileType = sourcecode.swift; path = CreatingTrackerViewController.swift; sourceTree = "<group>"; };
		84C194292AF6BF0200DD8B62 /* SettingTrackerViewController.swift */ = {isa = PBXFileReference; lastKnownFileType = sourcecode.swift; path = SettingTrackerViewController.swift; sourceTree = "<group>"; };
		84C2BF172AF7BC7A0084CDE9 /* SettingTableCell.swift */ = {isa = PBXFileReference; lastKnownFileType = sourcecode.swift; path = SettingTableCell.swift; sourceTree = "<group>"; };
		84C2BF392AF7FBA90084CDE9 /* TextFieldSetting.swift */ = {isa = PBXFileReference; lastKnownFileType = sourcecode.swift; path = TextFieldSetting.swift; sourceTree = "<group>"; };
		84C2BF3B2AF806C00084CDE9 /* ScheduleViewController.swift */ = {isa = PBXFileReference; lastKnownFileType = sourcecode.swift; path = ScheduleViewController.swift; sourceTree = "<group>"; };
		84C2BF3D2AF80A0C0084CDE9 /* CellBackgroundSetting.swift */ = {isa = PBXFileReference; lastKnownFileType = sourcecode.swift; path = CellBackgroundSetting.swift; sourceTree = "<group>"; };
		84C2BF3F2AF822DE0084CDE9 /* ScheduleCell.swift */ = {isa = PBXFileReference; lastKnownFileType = sourcecode.swift; path = ScheduleCell.swift; sourceTree = "<group>"; };
/* End PBXFileReference section */

/* Begin PBXFrameworksBuildPhase section */
		84C193AE2AEE64A100DD8B62 /* Frameworks */ = {
			isa = PBXFrameworksBuildPhase;
			buildActionMask = 2147483647;
			files = (
			);
			runOnlyForDeploymentPostprocessing = 0;
		};
/* End PBXFrameworksBuildPhase section */

/* Begin PBXGroup section */
		84C193A82AEE64A100DD8B62 = {
			isa = PBXGroup;
			children = (
				84C193B32AEE64A100DD8B62 /* Tracker */,
				84C193B22AEE64A100DD8B62 /* Products */,
			);
			sourceTree = "<group>";
		};
		84C193B22AEE64A100DD8B62 /* Products */ = {
			isa = PBXGroup;
			children = (
				84C193B12AEE64A100DD8B62 /* Tracker.app */,
			);
			name = Products;
			sourceTree = "<group>";
		};
		84C193B32AEE64A100DD8B62 /* Tracker */ = {
			isa = PBXGroup;
			children = (
				84C193B42AEE64A100DD8B62 /* AppDelegate.swift */,
				84C193B62AEE64A100DD8B62 /* SceneDelegate.swift */,
				84C194192AF2C80000DD8B62 /* Models */,
				84C194242AF692BD00DD8B62 /* Cells */,
				84C193CA2AEEAAFB00DD8B62 /* ViewControllers */,
				84C193CB2AEEABA300DD8B62 /* Helpers */,
				84C193C92AEE938500DD8B62 /* Resources */,
			);
			path = Tracker;
			sourceTree = "<group>";
		};
		84C193C92AEE938500DD8B62 /* Resources */ = {
			isa = PBXGroup;
			children = (
				84C193BD2AEE64B200DD8B62 /* Assets.xcassets */,
				84C193BF2AEE64B200DD8B62 /* LaunchScreen.storyboard */,
				84C193C22AEE64B200DD8B62 /* Info.plist */,
			);
			path = Resources;
			sourceTree = "<group>";
		};
		84C193CA2AEEAAFB00DD8B62 /* ViewControllers */ = {
			isa = PBXGroup;
			children = (
				84C193CE2AEEAE0C00DD8B62 /* TabBar */,
				84C193CF2AEEAE2A00DD8B62 /* Tracker */,
				84C193D22AEEAFC000DD8B62 /* Statistic */,
			);
			path = ViewControllers;
			sourceTree = "<group>";
		};
		84C193CB2AEEABA300DD8B62 /* Helpers */ = {
			isa = PBXGroup;
			children = (
				84C193CC2AEEABF500DD8B62 /* UIColor + Extension.swift */,
				84C2BF392AF7FBA90084CDE9 /* TextFieldSetting.swift */,
				84C2BF3D2AF80A0C0084CDE9 /* CellBackgroundSetting.swift */,
				84811F1D2AFD696D00C396F3 /* UIStackView + Extension.swift */,
				846A49FB2AFBFF3F007B1204 /* UICollection + Extension.swift */,
				846A49FF2AFC1DFC007B1204 /* Int + Extension.swift */,
				84811F232B00F2B000C396F3 /* CellSelectionProtocol.swift */,
			);
			path = Helpers;
			sourceTree = "<group>";
		};
		84C193CE2AEEAE0C00DD8B62 /* TabBar */ = {
			isa = PBXGroup;
			children = (
				84C193B82AEE64A100DD8B62 /* TabBarViewController.swift */,
			);
			path = TabBar;
			sourceTree = "<group>";
		};
		84C193CF2AEEAE2A00DD8B62 /* Tracker */ = {
			isa = PBXGroup;
			children = (
				84C193D02AEEAE8D00DD8B62 /* TrackerViewController.swift */,
				84C194272AF6A97800DD8B62 /* CreatingTrackerViewController.swift */,
				84C194292AF6BF0200DD8B62 /* SettingTrackerViewController.swift */,
				84C2BF3B2AF806C00084CDE9 /* ScheduleViewController.swift */,
				846A49FD2AFC0000007B1204 /* TrackerCategoryHeader.swift */,
			);
			path = Tracker;
			sourceTree = "<group>";
		};
		84C193D22AEEAFC000DD8B62 /* Statistic */ = {
			isa = PBXGroup;
			children = (
				84C193D32AEEAFF700DD8B62 /* StatisticViewController.swift */,
			);
			path = Statistic;
			sourceTree = "<group>";
		};
		84C194192AF2C80000DD8B62 /* Models */ = {
			isa = PBXGroup;
			children = (
				84C1941A2AF2C82700DD8B62 /* Tracker.swift */,
				84C1941E2AF2CCE100DD8B62 /* TrackerCategory.swift */,
				84C194202AF2CDED00DD8B62 /* TrackerRecord.swift */,
				84C1941C2AF2CA4400DD8B62 /* WeekDays.swift */,
			);
			path = Models;
			sourceTree = "<group>";
		};
		84C194242AF692BD00DD8B62 /* Cells */ = {
			isa = PBXGroup;
			children = (
				84C194252AF692D600DD8B62 /* TrackerCell.swift */,
				84C2BF172AF7BC7A0084CDE9 /* SettingTableCell.swift */,
				84C2BF3F2AF822DE0084CDE9 /* ScheduleCell.swift */,
				84811F1F2B00E1D400C396F3 /* EmojiCell.swift */,
				84811F212B00E52700C396F3 /* ColorCell.swift */,
			);
			path = Cells;
			sourceTree = "<group>";
		};
/* End PBXGroup section */

/* Begin PBXNativeTarget section */
		84C193B02AEE64A100DD8B62 /* Tracker */ = {
			isa = PBXNativeTarget;
			buildConfigurationList = 84C193C52AEE64B200DD8B62 /* Build configuration list for PBXNativeTarget "Tracker" */;
			buildPhases = (
				84C193AD2AEE64A100DD8B62 /* Sources */,
				84C193AE2AEE64A100DD8B62 /* Frameworks */,
				84C193AF2AEE64A100DD8B62 /* Resources */,
			);
			buildRules = (
			);
			dependencies = (
			);
			name = Tracker;
			productName = Tracker;
			productReference = 84C193B12AEE64A100DD8B62 /* Tracker.app */;
			productType = "com.apple.product-type.application";
		};
/* End PBXNativeTarget section */

/* Begin PBXProject section */
		84C193A92AEE64A100DD8B62 /* Project object */ = {
			isa = PBXProject;
			attributes = {
				BuildIndependentTargetsInParallel = 1;
				LastSwiftUpdateCheck = 1430;
				LastUpgradeCheck = 1500;
				TargetAttributes = {
					84C193B02AEE64A100DD8B62 = {
						CreatedOnToolsVersion = 14.3.1;
					};
				};
			};
			buildConfigurationList = 84C193AC2AEE64A100DD8B62 /* Build configuration list for PBXProject "Tracker" */;
			compatibilityVersion = "Xcode 14.0";
			developmentRegion = en;
			hasScannedForEncodings = 0;
			knownRegions = (
				en,
				Base,
			);
			mainGroup = 84C193A82AEE64A100DD8B62;
			productRefGroup = 84C193B22AEE64A100DD8B62 /* Products */;
			projectDirPath = "";
			projectRoot = "";
			targets = (
				84C193B02AEE64A100DD8B62 /* Tracker */,
			);
		};
/* End PBXProject section */

/* Begin PBXResourcesBuildPhase section */
		84C193AF2AEE64A100DD8B62 /* Resources */ = {
			isa = PBXResourcesBuildPhase;
			buildActionMask = 2147483647;
			files = (
				84C193C12AEE64B200DD8B62 /* LaunchScreen.storyboard in Resources */,
				84C193BE2AEE64B200DD8B62 /* Assets.xcassets in Resources */,
			);
			runOnlyForDeploymentPostprocessing = 0;
		};
/* End PBXResourcesBuildPhase section */

/* Begin PBXSourcesBuildPhase section */
		84C193AD2AEE64A100DD8B62 /* Sources */ = {
			isa = PBXSourcesBuildPhase;
			buildActionMask = 2147483647;
			files = (
				84C1941F2AF2CCE100DD8B62 /* TrackerCategory.swift in Sources */,
				84C1942A2AF6BF0200DD8B62 /* SettingTrackerViewController.swift in Sources */,
				84C193D12AEEAE8D00DD8B62 /* TrackerViewController.swift in Sources */,
				84C2BF3C2AF806C00084CDE9 /* ScheduleViewController.swift in Sources */,
				846A4A002AFC1DFC007B1204 /* Int + Extension.swift in Sources */,
				84C2BF402AF822DE0084CDE9 /* ScheduleCell.swift in Sources */,
				84C2BF3E2AF80A0C0084CDE9 /* CellBackgroundSetting.swift in Sources */,
				84C2BF3A2AF7FBA90084CDE9 /* TextFieldSetting.swift in Sources */,
				84C1941D2AF2CA4400DD8B62 /* WeekDays.swift in Sources */,
				84811F242B00F2B000C396F3 /* CellSelectionProtocol.swift in Sources */,
				84C193B92AEE64A100DD8B62 /* TabBarViewController.swift in Sources */,
				846A49FE2AFC0000007B1204 /* TrackerCategoryHeader.swift in Sources */,
				84C193CD2AEEABF500DD8B62 /* UIColor + Extension.swift in Sources */,
				84C194262AF692D600DD8B62 /* TrackerCell.swift in Sources */,
				846A49FC2AFBFF3F007B1204 /* UICollection + Extension.swift in Sources */,
				84C194212AF2CDED00DD8B62 /* TrackerRecord.swift in Sources */,
				84C193D42AEEAFF700DD8B62 /* StatisticViewController.swift in Sources */,
				84C2BF182AF7BC7A0084CDE9 /* SettingTableCell.swift in Sources */,
				84811F222B00E52700C396F3 /* ColorCell.swift in Sources */,
				84811F1E2AFD696D00C396F3 /* UIStackView + Extension.swift in Sources */,
				84C193B52AEE64A100DD8B62 /* AppDelegate.swift in Sources */,
				84C193B72AEE64A100DD8B62 /* SceneDelegate.swift in Sources */,
				84C194282AF6A97800DD8B62 /* CreatingTrackerViewController.swift in Sources */,
				84811F202B00E1D400C396F3 /* EmojiCell.swift in Sources */,
				84C1941B2AF2C82700DD8B62 /* Tracker.swift in Sources */,
			);
			runOnlyForDeploymentPostprocessing = 0;
		};
/* End PBXSourcesBuildPhase section */

/* Begin PBXVariantGroup section */
		84C193BF2AEE64B200DD8B62 /* LaunchScreen.storyboard */ = {
			isa = PBXVariantGroup;
			children = (
				84C193C02AEE64B200DD8B62 /* Base */,
			);
			name = LaunchScreen.storyboard;
			sourceTree = "<group>";
		};
/* End PBXVariantGroup section */

/* Begin XCBuildConfiguration section */
		84C193C32AEE64B200DD8B62 /* Debug */ = {
			isa = XCBuildConfiguration;
			buildSettings = {
				ALWAYS_SEARCH_USER_PATHS = NO;
				CLANG_ANALYZER_NONNULL = YES;
				CLANG_ANALYZER_NUMBER_OBJECT_CONVERSION = YES_AGGRESSIVE;
				CLANG_CXX_LANGUAGE_STANDARD = "gnu++20";
				CLANG_ENABLE_MODULES = YES;
				CLANG_ENABLE_OBJC_ARC = YES;
				CLANG_ENABLE_OBJC_WEAK = YES;
				CLANG_WARN_BLOCK_CAPTURE_AUTORELEASING = YES;
				CLANG_WARN_BOOL_CONVERSION = YES;
				CLANG_WARN_COMMA = YES;
				CLANG_WARN_CONSTANT_CONVERSION = YES;
				CLANG_WARN_DEPRECATED_OBJC_IMPLEMENTATIONS = YES;
				CLANG_WARN_DIRECT_OBJC_ISA_USAGE = YES_ERROR;
				CLANG_WARN_DOCUMENTATION_COMMENTS = YES;
				CLANG_WARN_EMPTY_BODY = YES;
				CLANG_WARN_ENUM_CONVERSION = YES;
				CLANG_WARN_INFINITE_RECURSION = YES;
				CLANG_WARN_INT_CONVERSION = YES;
				CLANG_WARN_NON_LITERAL_NULL_CONVERSION = YES;
				CLANG_WARN_OBJC_IMPLICIT_RETAIN_SELF = YES;
				CLANG_WARN_OBJC_LITERAL_CONVERSION = YES;
				CLANG_WARN_OBJC_ROOT_CLASS = YES_ERROR;
				CLANG_WARN_QUOTED_INCLUDE_IN_FRAMEWORK_HEADER = YES;
				CLANG_WARN_RANGE_LOOP_ANALYSIS = YES;
				CLANG_WARN_STRICT_PROTOTYPES = YES;
				CLANG_WARN_SUSPICIOUS_MOVE = YES;
				CLANG_WARN_UNGUARDED_AVAILABILITY = YES_AGGRESSIVE;
				CLANG_WARN_UNREACHABLE_CODE = YES;
				CLANG_WARN__DUPLICATE_METHOD_MATCH = YES;
				COPY_PHASE_STRIP = NO;
				DEBUG_INFORMATION_FORMAT = dwarf;
				ENABLE_STRICT_OBJC_MSGSEND = YES;
				ENABLE_TESTABILITY = YES;
				ENABLE_USER_SCRIPT_SANDBOXING = YES;
				GCC_C_LANGUAGE_STANDARD = gnu11;
				GCC_DYNAMIC_NO_PIC = NO;
				GCC_NO_COMMON_BLOCKS = YES;
				GCC_OPTIMIZATION_LEVEL = 0;
				GCC_PREPROCESSOR_DEFINITIONS = (
					"DEBUG=1",
					"$(inherited)",
				);
				GCC_WARN_64_TO_32_BIT_CONVERSION = YES;
				GCC_WARN_ABOUT_RETURN_TYPE = YES_ERROR;
				GCC_WARN_UNDECLARED_SELECTOR = YES;
				GCC_WARN_UNINITIALIZED_AUTOS = YES_AGGRESSIVE;
				GCC_WARN_UNUSED_FUNCTION = YES;
				GCC_WARN_UNUSED_VARIABLE = YES;
				IPHONEOS_DEPLOYMENT_TARGET = 13.4;
				MTL_ENABLE_DEBUG_INFO = INCLUDE_SOURCE;
				MTL_FAST_MATH = YES;
				ONLY_ACTIVE_ARCH = YES;
				SDKROOT = iphoneos;
				SWIFT_ACTIVE_COMPILATION_CONDITIONS = DEBUG;
				SWIFT_OPTIMIZATION_LEVEL = "-Onone";
			};
			name = Debug;
		};
		84C193C42AEE64B200DD8B62 /* Release */ = {
			isa = XCBuildConfiguration;
			buildSettings = {
				ALWAYS_SEARCH_USER_PATHS = NO;
				CLANG_ANALYZER_NONNULL = YES;
				CLANG_ANALYZER_NUMBER_OBJECT_CONVERSION = YES_AGGRESSIVE;
				CLANG_CXX_LANGUAGE_STANDARD = "gnu++20";
				CLANG_ENABLE_MODULES = YES;
				CLANG_ENABLE_OBJC_ARC = YES;
				CLANG_ENABLE_OBJC_WEAK = YES;
				CLANG_WARN_BLOCK_CAPTURE_AUTORELEASING = YES;
				CLANG_WARN_BOOL_CONVERSION = YES;
				CLANG_WARN_COMMA = YES;
				CLANG_WARN_CONSTANT_CONVERSION = YES;
				CLANG_WARN_DEPRECATED_OBJC_IMPLEMENTATIONS = YES;
				CLANG_WARN_DIRECT_OBJC_ISA_USAGE = YES_ERROR;
				CLANG_WARN_DOCUMENTATION_COMMENTS = YES;
				CLANG_WARN_EMPTY_BODY = YES;
				CLANG_WARN_ENUM_CONVERSION = YES;
				CLANG_WARN_INFINITE_RECURSION = YES;
				CLANG_WARN_INT_CONVERSION = YES;
				CLANG_WARN_NON_LITERAL_NULL_CONVERSION = YES;
				CLANG_WARN_OBJC_IMPLICIT_RETAIN_SELF = YES;
				CLANG_WARN_OBJC_LITERAL_CONVERSION = YES;
				CLANG_WARN_OBJC_ROOT_CLASS = YES_ERROR;
				CLANG_WARN_QUOTED_INCLUDE_IN_FRAMEWORK_HEADER = YES;
				CLANG_WARN_RANGE_LOOP_ANALYSIS = YES;
				CLANG_WARN_STRICT_PROTOTYPES = YES;
				CLANG_WARN_SUSPICIOUS_MOVE = YES;
				CLANG_WARN_UNGUARDED_AVAILABILITY = YES_AGGRESSIVE;
				CLANG_WARN_UNREACHABLE_CODE = YES;
				CLANG_WARN__DUPLICATE_METHOD_MATCH = YES;
				COPY_PHASE_STRIP = NO;
				DEBUG_INFORMATION_FORMAT = "dwarf-with-dsym";
				ENABLE_NS_ASSERTIONS = NO;
				ENABLE_STRICT_OBJC_MSGSEND = YES;
				ENABLE_USER_SCRIPT_SANDBOXING = YES;
				GCC_C_LANGUAGE_STANDARD = gnu11;
				GCC_NO_COMMON_BLOCKS = YES;
				GCC_WARN_64_TO_32_BIT_CONVERSION = YES;
				GCC_WARN_ABOUT_RETURN_TYPE = YES_ERROR;
				GCC_WARN_UNDECLARED_SELECTOR = YES;
				GCC_WARN_UNINITIALIZED_AUTOS = YES_AGGRESSIVE;
				GCC_WARN_UNUSED_FUNCTION = YES;
				GCC_WARN_UNUSED_VARIABLE = YES;
				IPHONEOS_DEPLOYMENT_TARGET = 13.4;
				MTL_ENABLE_DEBUG_INFO = NO;
				MTL_FAST_MATH = YES;
				SDKROOT = iphoneos;
				SWIFT_COMPILATION_MODE = wholemodule;
				SWIFT_OPTIMIZATION_LEVEL = "-O";
				VALIDATE_PRODUCT = YES;
			};
			name = Release;
		};
		84C193C62AEE64B200DD8B62 /* Debug */ = {
			isa = XCBuildConfiguration;
			buildSettings = {
				ASSETCATALOG_COMPILER_APPICON_NAME = AppIcon;
				ASSETCATALOG_COMPILER_GLOBAL_ACCENT_COLOR_NAME = AccentColor;
				CODE_SIGN_STYLE = Automatic;
				CURRENT_PROJECT_VERSION = 1;
				DEVELOPMENT_TEAM = P5M369VRNM;
				GENERATE_INFOPLIST_FILE = YES;
				INFOPLIST_FILE = Tracker/Resources/Info.plist;
				INFOPLIST_KEY_CFBundleDisplayName = Tracker;
				INFOPLIST_KEY_UIApplicationSupportsIndirectInputEvents = YES;
				INFOPLIST_KEY_UILaunchStoryboardName = LaunchScreen;
				INFOPLIST_KEY_UISupportedInterfaceOrientations = UIInterfaceOrientationPortrait;
				INFOPLIST_KEY_UISupportedInterfaceOrientations_iPhone = UIInterfaceOrientationPortrait;
				IPHONEOS_DEPLOYMENT_TARGET = 13.4;
				LD_RUNPATH_SEARCH_PATHS = (
					"$(inherited)",
					"@executable_path/Frameworks",
				);
				MARKETING_VERSION = 1.0;
				PRODUCT_BUNDLE_IDENTIFIER = ru.iamjohansson.Tracker;
				PRODUCT_NAME = "$(TARGET_NAME)";
				SUPPORTED_PLATFORMS = "iphoneos iphonesimulator";
				SUPPORTS_MACCATALYST = NO;
				SUPPORTS_MAC_DESIGNED_FOR_IPHONE_IPAD = NO;
				SWIFT_EMIT_LOC_STRINGS = YES;
				SWIFT_VERSION = 5.0;
				TARGETED_DEVICE_FAMILY = 1;
			};
			name = Debug;
		};
		84C193C72AEE64B200DD8B62 /* Release */ = {
			isa = XCBuildConfiguration;
			buildSettings = {
				ASSETCATALOG_COMPILER_APPICON_NAME = AppIcon;
				ASSETCATALOG_COMPILER_GLOBAL_ACCENT_COLOR_NAME = AccentColor;
				CODE_SIGN_STYLE = Automatic;
				CURRENT_PROJECT_VERSION = 1;
				DEVELOPMENT_TEAM = P5M369VRNM;
				GENERATE_INFOPLIST_FILE = YES;
				INFOPLIST_FILE = Tracker/Resources/Info.plist;
				INFOPLIST_KEY_CFBundleDisplayName = Tracker;
				INFOPLIST_KEY_UIApplicationSupportsIndirectInputEvents = YES;
				INFOPLIST_KEY_UILaunchStoryboardName = LaunchScreen;
				INFOPLIST_KEY_UISupportedInterfaceOrientations = UIInterfaceOrientationPortrait;
				INFOPLIST_KEY_UISupportedInterfaceOrientations_iPhone = UIInterfaceOrientationPortrait;
				IPHONEOS_DEPLOYMENT_TARGET = 13.4;
				LD_RUNPATH_SEARCH_PATHS = (
					"$(inherited)",
					"@executable_path/Frameworks",
				);
				MARKETING_VERSION = 1.0;
				PRODUCT_BUNDLE_IDENTIFIER = ru.iamjohansson.Tracker;
				PRODUCT_NAME = "$(TARGET_NAME)";
				SUPPORTED_PLATFORMS = "iphoneos iphonesimulator";
				SUPPORTS_MACCATALYST = NO;
				SUPPORTS_MAC_DESIGNED_FOR_IPHONE_IPAD = NO;
				SWIFT_EMIT_LOC_STRINGS = YES;
				SWIFT_VERSION = 5.0;
				TARGETED_DEVICE_FAMILY = 1;
			};
			name = Release;
		};
/* End XCBuildConfiguration section */

/* Begin XCConfigurationList section */
		84C193AC2AEE64A100DD8B62 /* Build configuration list for PBXProject "Tracker" */ = {
			isa = XCConfigurationList;
			buildConfigurations = (
				84C193C32AEE64B200DD8B62 /* Debug */,
				84C193C42AEE64B200DD8B62 /* Release */,
			);
			defaultConfigurationIsVisible = 0;
			defaultConfigurationName = Release;
		};
		84C193C52AEE64B200DD8B62 /* Build configuration list for PBXNativeTarget "Tracker" */ = {
			isa = XCConfigurationList;
			buildConfigurations = (
				84C193C62AEE64B200DD8B62 /* Debug */,
				84C193C72AEE64B200DD8B62 /* Release */,
			);
			defaultConfigurationIsVisible = 0;
			defaultConfigurationName = Release;
		};
/* End XCConfigurationList section */
	};
	rootObject = 84C193A92AEE64A100DD8B62 /* Project object */;
}
